
Microsoft Visual Studio Solution File, Format Version 12.00
# Visual Studio Version 17
VisualStudioVersion = 17.12.35527.113 d17.12
MinimumVisualStudioVersion = 10.0.40219.1
Project("{2150E333-8FDC-42A3-9474-1A3956D46DE8}") = "FrontEnd", "FrontEnd", "{50E7E320-9E05-4F15-8E71-FAAEA6FC8F0A}"
EndProject
Project("{2150E333-8FDC-42A3-9474-1A3956D46DE8}") = "Gateway", "Gateway", "{A08A1291-1D27-43D0-96ED-8CE5F32D6DA1}"
EndProject
Project("{2150E333-8FDC-42A3-9474-1A3956D46DE8}") = "Intergration", "Intergration", "{80FF7191-3932-4706-B7B7-942ADDC37F60}"
EndProject
Project("{2150E333-8FDC-42A3-9474-1A3956D46DE8}") = "Services", "Services", "{73697908-90C8-45FD-9C26-2D85C10D01D8}"
EndProject
Project("{FAE04EC0-301F-11D3-BF4B-00C04F79EFBC}") = "Mango.Services.CouponAPI", "Mango.Services.CouponAPI\Mango.Services.CouponAPI.csproj", "{69EABDD3-2FC6-4C5E-B151-B7C774C58286}"
EndProject
Global
	GlobalSection(SolutionConfigurationPlatforms) = preSolution
		Debug|Any CPU = Debug|Any CPU
		Release|Any CPU = Release|Any CPU
	EndGlobalSection
	GlobalSection(ProjectConfigurationPlatforms) = postSolution
		{69EABDD3-2FC6-4C5E-B151-B7C774C58286}.Debug|Any CPU.ActiveCfg = Debug|Any CPU
		{69EABDD3-2FC6-4C5E-B151-B7C774C58286}.Debug|Any CPU.Build.0 = Debug|Any CPU
		{69EABDD3-2FC6-4C5E-B151-B7C774C58286}.Release|Any CPU.ActiveCfg = Release|Any CPU
		{69EABDD3-2FC6-4C5E-B151-B7C774C58286}.Release|Any CPU.Build.0 = Release|Any CPU
	EndGlobalSection
	GlobalSection(SolutionProperties) = preSolution
		HideSolutionNode = FALSE
	EndGlobalSection
	GlobalSection(NestedProjects) = preSolution
		{69EABDD3-2FC6-4C5E-B151-B7C774C58286} = {73697908-90C8-45FD-9C26-2D85C10D01D8}
	EndGlobalSection
EndGlobal
